[[package]]
name = "cloudpickle"
version = "2.2.1"
description = "Extended pickling support for Python objects"
category = "main"
optional = false
python-versions = ">=3.6"

[[package]]
name = "flake8"
version = "6.0.0"
description = "the modular source code checker: pep8 pyflakes and co"
category = "main"
optional = false
python-versions = ">=3.8.1"

[package.dependencies]
mccabe = ">=0.7.0,<0.8.0"
pycodestyle = ">=2.10.0,<2.11.0"
pyflakes = ">=3.0.0,<3.1.0"

[[package]]
name = "gym"
version = "0.26.2"
description = "Gym: A universal API for reinforcement learning environments"
category = "main"
optional = false
python-versions = ">=3.6"

[package.dependencies]
cloudpickle = ">=1.2.0"
gym_notices = ">=0.0.4"
numpy = ">=1.18.0"

[package.extras]
accept-rom-license = ["autorom[accept-rom-license] (>=0.4.2,<0.5.0)"]
all = ["pygame (==2.1.0)", "box2d-py (==2.3.5)", "opencv-python (>=3.0)", "matplotlib (>=3.0)", "moviepy (>=1.0.0)", "swig (>=4.0.0,<5.0.0)", "lz4 (>=3.1.0)", "pytest (==7.0.1)", "mujoco_py (>=2.1,<2.2)", "mujoco (==2.2)", "ale-py (>=0.8.0,<0.9.0)", "imageio (>=2.14.1)"]
atari = ["ale-py (>=0.8.0,<0.9.0)"]
box2d = ["box2d-py (==2.3.5)", "pygame (==2.1.0)", "swig (>=4.0.0,<5.0.0)"]
classic_control = ["pygame (==2.1.0)"]
mujoco = ["mujoco (==2.2)", "imageio (>=2.14.1)"]
mujoco_py = ["mujoco_py (>=2.1,<2.2)"]
other = ["lz4 (>=3.1.0)", "opencv-python (>=3.0)", "matplotlib (>=3.0)", "moviepy (>=1.0.0)"]
testing = ["pygame (==2.1.0)", "box2d-py (==2.3.5)", "swig (>=4.0.0,<5.0.0)", "opencv-python (>=3.0)", "matplotlib (>=3.0)", "moviepy (>=1.0.0)", "lz4 (>=3.1.0)", "mujoco_py (>=2.1,<2.2)", "mujoco (==2.2)", "imageio (>=2.14.1)", "pytest (==7.0.1)"]
toy_text = ["pygame (==2.1.0)"]

[[package]]
name = "gym-notices"
version = "0.0.8"
description = "Notices for gym"
category = "main"
optional = false
python-versions = "*"

[[package]]
name = "mccabe"
version = "0.7.0"
description = "McCabe checker, plugin for flake8"
category = "main"
optional = false
python-versions = ">=3.6"

[[package]]
name = "numpy"
version = "1.24.2"
description = "Fundamental package for array computing in Python"
category = "main"
optional = false
python-versions = ">=3.8"

[[package]]
name = "pycodestyle"
version = "2.10.0"
description = "Python style guide checker"
category = "main"
optional = false
python-versions = ">=3.6"

[[package]]
name = "pyflakes"
version = "3.0.1"
description = "passive checker of Python programs"
category = "main"
optional = false
python-versions = ">=3.6"

[metadata]
lock-version = "1.1"
python-versions = "^3.11"
content-hash = "cf5a90715fb5571650f9dbf56d26e8d8f10027c23ecdd6a45804f94045a7ac2c"

[metadata.files]
cloudpickle = []
flake8 = []
gym = []
gym-notices = []
mccabe = []
numpy = []
pycodestyle = []
pyflakes = []
